{
  "name": "functions",
  "version": "0.0.0",
  "lockfileVersion": 1,
  "requires": true,
  "dependencies": {
    "bfastnode": {
      "version": "4.0.1",
      "resolved": "https://registry.npmjs.org/bfastnode/-/bfastnode-4.0.1.tgz",
      "integrity": "sha512-dwQfWwi7hlwZ4nMmGGXA6HJAlsNUOAlaLmVNS/BMQo9Vjbi++pCXqPijdAzLZwDviycyOoOx6DHuMk1WEq3UCw=="
    }
  }
}
